
Microsoft Visual Studio Solution File, Format Version 12.00
# Visual Studio 15
VisualStudioVersion = 15.0.28307.102
MinimumVisualStudioVersion = 10.0.40219.1
Project("{FAE04EC0-301F-11D3-BF4B-00C04F79EFBC}") = "PruebaMVM", "PruebaMVM\PruebaMVM.csproj", "{419A9A35-1377-41EA-9C93-E59DD5305989}"
EndProject
Global
	GlobalSection(SolutionConfigurationPlatforms) = preSolution
		Debug|Any CPU = Debug|Any CPU
		Release|Any CPU = Release|Any CPU
	EndGlobalSection
	GlobalSection(ProjectConfigurationPlatforms) = postSolution
		{419A9A35-1377-41EA-9C93-E59DD5305989}.Debug|Any CPU.ActiveCfg = Debug|Any CPU
		{419A9A35-1377-41EA-9C93-E59DD5305989}.Debug|Any CPU.Build.0 = Debug|Any CPU
		{419A9A35-1377-41EA-9C93-E59DD5305989}.Release|Any CPU.ActiveCfg = Release|Any CPU
		{419A9A35-1377-41EA-9C93-E59DD5305989}.Release|Any CPU.Build.0 = Release|Any CPU
	EndGlobalSection
	GlobalSection(SolutionProperties) = preSolution
		HideSolutionNode = FALSE
	EndGlobalSection
	GlobalSection(ExtensibilityGlobals) = postSolution
		SolutionGuid = {90E6E7F8-7A2A-4C81-AC6E-01EDE12ED3BF}
	EndGlobalSection
EndGlobal
